
Microsoft Visual Studio Solution File, Format Version 12.00
# Visual Studio Version 17
VisualStudioVersion = 17.11.35327.3
MinimumVisualStudioVersion = 10.0.40219.1
Project("{FAE04EC0-301F-11D3-BF4B-00C04F79EFBC}") = "MaxterServer", "MaxterServer\MaxterServer.csproj", "{0E17FB5D-B23B-4047-89C2-5301179AF4C6}"
EndProject
Global
	GlobalSection(SolutionConfigurationPlatforms) = preSolution
		Debug|Any CPU = Debug|Any CPU
		Release|Any CPU = Release|Any CPU
	EndGlobalSection
	GlobalSection(ProjectConfigurationPlatforms) = postSolution
		{0E17FB5D-B23B-4047-89C2-5301179AF4C6}.Debug|Any CPU.ActiveCfg = Debug|Any CPU
		{0E17FB5D-B23B-4047-89C2-5301179AF4C6}.Debug|Any CPU.Build.0 = Debug|Any CPU
		{0E17FB5D-B23B-4047-89C2-5301179AF4C6}.Release|Any CPU.ActiveCfg = Release|Any CPU
		{0E17FB5D-B23B-4047-89C2-5301179AF4C6}.Release|Any CPU.Build.0 = Release|Any CPU
	EndGlobalSection
	GlobalSection(SolutionProperties) = preSolution
		HideSolutionNode = FALSE
	EndGlobalSection
	GlobalSection(ExtensibilityGlobals) = postSolution
		SolutionGuid = {5DB101D8-B6BB-4E33-AF7E-8AB09A2B45F1}
	EndGlobalSection
EndGlobal
